
Microsoft Visual Studio Solution File, Format Version 12.00
# Visual Studio Version 17
VisualStudioVersion = 17.13.35825.156 d17.13
MinimumVisualStudioVersion = 10.0.40219.1
Project("{8BC9CEB8-8B4A-11D0-8D11-00A0C91BC942}") = "project", "project\project.vcxproj", "{492A5364-4DE8-4B54-AF25-F3EB0CD3E365}"
EndProject
Global
	GlobalSection(SolutionConfigurationPlatforms) = preSolution
		Debug|x64 = Debug|x64
		Debug|x86 = Debug|x86
		Release|x64 = Release|x64
		Release|x86 = Release|x86
	EndGlobalSection
	GlobalSection(ProjectConfigurationPlatforms) = postSolution
		{492A5364-4DE8-4B54-AF25-F3EB0CD3E365}.Debug|x64.ActiveCfg = Debug|x64
		{492A5364-4DE8-4B54-AF25-F3EB0CD3E365}.Debug|x64.Build.0 = Debug|x64
		{492A5364-4DE8-4B54-AF25-F3EB0CD3E365}.Debug|x86.ActiveCfg = Debug|Win32
		{492A5364-4DE8-4B54-AF25-F3EB0CD3E365}.Debug|x86.Build.0 = Debug|Win32
		{492A5364-4DE8-4B54-AF25-F3EB0CD3E365}.Release|x64.ActiveCfg = Release|x64
		{492A5364-4DE8-4B54-AF25-F3EB0CD3E365}.Release|x64.Build.0 = Release|x64
		{492A5364-4DE8-4B54-AF25-F3EB0CD3E365}.Release|x86.ActiveCfg = Release|Win32
		{492A5364-4DE8-4B54-AF25-F3EB0CD3E365}.Release|x86.Build.0 = Release|Win32
	EndGlobalSection
	GlobalSection(SolutionProperties) = preSolution
		HideSolutionNode = FALSE
	EndGlobalSection
	GlobalSection(ExtensibilityGlobals) = postSolution
		SolutionGuid = {835E8C26-75F2-4BA3-A282-50E795F1F31A}
	EndGlobalSection
EndGlobal
