
Microsoft Visual Studio Solution File, Format Version 12.00
# Visual Studio Version 17
VisualStudioVersion = 17.12.35506.116
MinimumVisualStudioVersion = 10.0.40219.1
Project("{8BC9CEB8-8B4A-11D0-8D11-00A0C91BC942}") = "Stanford_CauTrucLapTrinhCC_P2", "Stanford_CauTrucLapTrinhCC_P2\Stanford_CauTrucLapTrinhCC_P2.vcxproj", "{E6CB6692-E2E8-43F4-A8BB-C714296DBAE8}"
EndProject
Project("{8BC9CEB8-8B4A-11D0-8D11-00A0C91BC942}") = "Stanford_CauTrucVongLapCC", "Stanford_CauTrucVongLapCC\Stanford_CauTrucVongLapCC.vcxproj", "{247BC313-0624-427F-918A-A9FCB354B107}"
EndProject
Project("{8BC9CEB8-8B4A-11D0-8D11-00A0C91BC942}") = "Stanford_BaiTapVongLapCC", "Stanford_BaiTapVongLapCC\Stanford_BaiTapVongLapCC.vcxproj", "{BA382A86-9C4C-46A5-8A11-BD21AAB7231A}"
EndProject
Global
	GlobalSection(SolutionConfigurationPlatforms) = preSolution
		Debug|x64 = Debug|x64
		Debug|x86 = Debug|x86
		Release|x64 = Release|x64
		Release|x86 = Release|x86
	EndGlobalSection
	GlobalSection(ProjectConfigurationPlatforms) = postSolution
		{E6CB6692-E2E8-43F4-A8BB-C714296DBAE8}.Debug|x64.ActiveCfg = Debug|x64
		{E6CB6692-E2E8-43F4-A8BB-C714296DBAE8}.Debug|x64.Build.0 = Debug|x64
		{E6CB6692-E2E8-43F4-A8BB-C714296DBAE8}.Debug|x86.ActiveCfg = Debug|Win32
		{E6CB6692-E2E8-43F4-A8BB-C714296DBAE8}.Debug|x86.Build.0 = Debug|Win32
		{E6CB6692-E2E8-43F4-A8BB-C714296DBAE8}.Release|x64.ActiveCfg = Release|x64
		{E6CB6692-E2E8-43F4-A8BB-C714296DBAE8}.Release|x64.Build.0 = Release|x64
		{E6CB6692-E2E8-43F4-A8BB-C714296DBAE8}.Release|x86.ActiveCfg = Release|Win32
		{E6CB6692-E2E8-43F4-A8BB-C714296DBAE8}.Release|x86.Build.0 = Release|Win32
		{247BC313-0624-427F-918A-A9FCB354B107}.Debug|x64.ActiveCfg = Debug|x64
		{247BC313-0624-427F-918A-A9FCB354B107}.Debug|x64.Build.0 = Debug|x64
		{247BC313-0624-427F-918A-A9FCB354B107}.Debug|x86.ActiveCfg = Debug|Win32
		{247BC313-0624-427F-918A-A9FCB354B107}.Debug|x86.Build.0 = Debug|Win32
		{247BC313-0624-427F-918A-A9FCB354B107}.Release|x64.ActiveCfg = Release|x64
		{247BC313-0624-427F-918A-A9FCB354B107}.Release|x64.Build.0 = Release|x64
		{247BC313-0624-427F-918A-A9FCB354B107}.Release|x86.ActiveCfg = Release|Win32
		{247BC313-0624-427F-918A-A9FCB354B107}.Release|x86.Build.0 = Release|Win32
		{BA382A86-9C4C-46A5-8A11-BD21AAB7231A}.Debug|x64.ActiveCfg = Debug|x64
		{BA382A86-9C4C-46A5-8A11-BD21AAB7231A}.Debug|x64.Build.0 = Debug|x64
		{BA382A86-9C4C-46A5-8A11-BD21AAB7231A}.Debug|x86.ActiveCfg = Debug|Win32
		{BA382A86-9C4C-46A5-8A11-BD21AAB7231A}.Debug|x86.Build.0 = Debug|Win32
		{BA382A86-9C4C-46A5-8A11-BD21AAB7231A}.Release|x64.ActiveCfg = Release|x64
		{BA382A86-9C4C-46A5-8A11-BD21AAB7231A}.Release|x64.Build.0 = Release|x64
		{BA382A86-9C4C-46A5-8A11-BD21AAB7231A}.Release|x86.ActiveCfg = Release|Win32
		{BA382A86-9C4C-46A5-8A11-BD21AAB7231A}.Release|x86.Build.0 = Release|Win32
	EndGlobalSection
	GlobalSection(SolutionProperties) = preSolution
		HideSolutionNode = FALSE
	EndGlobalSection
EndGlobal
