
Microsoft Visual Studio Solution File, Format Version 12.00
# Visual Studio Version 17
VisualStudioVersion = 17.12.35506.116
MinimumVisualStudioVersion = 10.0.40219.1
Project("{8BC9CEB8-8B4A-11D0-8D11-00A0C91BC942}") = "Stanford_KeThuaDaHinhCC1124", "Stanford_KeThuaDaHinhCC1124\Stanford_KeThuaDaHinhCC1124.vcxproj", "{A717F1E0-0C55-416F-8219-70D2BA4A67D8}"
EndProject
Project("{8BC9CEB8-8B4A-11D0-8D11-00A0C91BC942}") = "Stanford_BaiTapKeThuaDaHinhCC", "Stanford_BaiTapKeThuaDaHinhCC\Stanford_BaiTapKeThuaDaHinhCC.vcxproj", "{060D2621-4449-436E-8352-C4B181D33A14}"
EndProject
Global
	GlobalSection(SolutionConfigurationPlatforms) = preSolution
		Debug|x64 = Debug|x64
		Debug|x86 = Debug|x86
		Release|x64 = Release|x64
		Release|x86 = Release|x86
	EndGlobalSection
	GlobalSection(ProjectConfigurationPlatforms) = postSolution
		{A717F1E0-0C55-416F-8219-70D2BA4A67D8}.Debug|x64.ActiveCfg = Debug|x64
		{A717F1E0-0C55-416F-8219-70D2BA4A67D8}.Debug|x64.Build.0 = Debug|x64
		{A717F1E0-0C55-416F-8219-70D2BA4A67D8}.Debug|x86.ActiveCfg = Debug|Win32
		{A717F1E0-0C55-416F-8219-70D2BA4A67D8}.Debug|x86.Build.0 = Debug|Win32
		{A717F1E0-0C55-416F-8219-70D2BA4A67D8}.Release|x64.ActiveCfg = Release|x64
		{A717F1E0-0C55-416F-8219-70D2BA4A67D8}.Release|x64.Build.0 = Release|x64
		{A717F1E0-0C55-416F-8219-70D2BA4A67D8}.Release|x86.ActiveCfg = Release|Win32
		{A717F1E0-0C55-416F-8219-70D2BA4A67D8}.Release|x86.Build.0 = Release|Win32
		{060D2621-4449-436E-8352-C4B181D33A14}.Debug|x64.ActiveCfg = Debug|x64
		{060D2621-4449-436E-8352-C4B181D33A14}.Debug|x64.Build.0 = Debug|x64
		{060D2621-4449-436E-8352-C4B181D33A14}.Debug|x86.ActiveCfg = Debug|Win32
		{060D2621-4449-436E-8352-C4B181D33A14}.Debug|x86.Build.0 = Debug|Win32
		{060D2621-4449-436E-8352-C4B181D33A14}.Release|x64.ActiveCfg = Release|x64
		{060D2621-4449-436E-8352-C4B181D33A14}.Release|x64.Build.0 = Release|x64
		{060D2621-4449-436E-8352-C4B181D33A14}.Release|x86.ActiveCfg = Release|Win32
		{060D2621-4449-436E-8352-C4B181D33A14}.Release|x86.Build.0 = Release|Win32
	EndGlobalSection
	GlobalSection(SolutionProperties) = preSolution
		HideSolutionNode = FALSE
	EndGlobalSection
EndGlobal
